
Microsoft Visual Studio Solution File, Format Version 12.00
# Visual Studio Version 17
VisualStudioVersion = 17.3.32819.101
MinimumVisualStudioVersion = 10.0.40219.1
Project("{FAE04EC0-301F-11D3-BF4B-00C04F79EFBC}") = "Clase_02", "Clase_02\Clase_02.csproj", "{7DEF71AE-9F1A-4004-AAF6-93B33A8D8952}"
EndProject
Project("{FAE04EC0-301F-11D3-BF4B-00C04F79EFBC}") = "Ej_Validador", "Validador\Ej_Validador.csproj", "{24B113D8-30E2-4746-9A7D-DC669EB23ABF}"
EndProject
Project("{FAE04EC0-301F-11D3-BF4B-00C04F79EFBC}") = "Ej_Calculadora", "Ej_Calculadora\Ej_Calculadora.csproj", "{AD7807CB-6D6E-44CD-95A9-BC0FEBB0752C}"
EndProject
Global
	GlobalSection(SolutionConfigurationPlatforms) = preSolution
		Debug|Any CPU = Debug|Any CPU
		Release|Any CPU = Release|Any CPU
	EndGlobalSection
	GlobalSection(ProjectConfigurationPlatforms) = postSolution
		{7DEF71AE-9F1A-4004-AAF6-93B33A8D8952}.Debug|Any CPU.ActiveCfg = Debug|Any CPU
		{7DEF71AE-9F1A-4004-AAF6-93B33A8D8952}.Debug|Any CPU.Build.0 = Debug|Any CPU
		{7DEF71AE-9F1A-4004-AAF6-93B33A8D8952}.Release|Any CPU.ActiveCfg = Release|Any CPU
		{7DEF71AE-9F1A-4004-AAF6-93B33A8D8952}.Release|Any CPU.Build.0 = Release|Any CPU
		{24B113D8-30E2-4746-9A7D-DC669EB23ABF}.Debug|Any CPU.ActiveCfg = Debug|Any CPU
		{24B113D8-30E2-4746-9A7D-DC669EB23ABF}.Debug|Any CPU.Build.0 = Debug|Any CPU
		{24B113D8-30E2-4746-9A7D-DC669EB23ABF}.Release|Any CPU.ActiveCfg = Release|Any CPU
		{24B113D8-30E2-4746-9A7D-DC669EB23ABF}.Release|Any CPU.Build.0 = Release|Any CPU
		{AD7807CB-6D6E-44CD-95A9-BC0FEBB0752C}.Debug|Any CPU.ActiveCfg = Debug|Any CPU
		{AD7807CB-6D6E-44CD-95A9-BC0FEBB0752C}.Debug|Any CPU.Build.0 = Debug|Any CPU
		{AD7807CB-6D6E-44CD-95A9-BC0FEBB0752C}.Release|Any CPU.ActiveCfg = Release|Any CPU
		{AD7807CB-6D6E-44CD-95A9-BC0FEBB0752C}.Release|Any CPU.Build.0 = Release|Any CPU
	EndGlobalSection
	GlobalSection(SolutionProperties) = preSolution
		HideSolutionNode = FALSE
	EndGlobalSection
	GlobalSection(ExtensibilityGlobals) = postSolution
		SolutionGuid = {3B801C83-CD26-401C-8B58-D94ADC161CC3}
	EndGlobalSection
EndGlobal
